// !$*UTF8*$!
{
	archiveVersion = 1;
	classes = {
	};
	objectVersion = 50;
	objects = {

/* Begin PBXBuildFile section */
		6541B81823F3038E00711EB5 /* ArticleCollection.swift in Sources */ = {isa = PBXBuildFile; fileRef = 6541B81723F3038E00711EB5 /* ArticleCollection.swift */; };
		6541B81A23F3134100711EB5 /* ArticleListVC.swift in Sources */ = {isa = PBXBuildFile; fileRef = 6541B81923F3134100711EB5 /* ArticleListVC.swift */; };
		6541B81C23F319B200711EB5 /* ArticleListController.swift in Sources */ = {isa = PBXBuildFile; fileRef = 6541B81B23F319B200711EB5 /* ArticleListController.swift */; };
		6541B81E23F31BEA00711EB5 /* ArticleListContent.swift in Sources */ = {isa = PBXBuildFile; fileRef = 6541B81D23F31BEA00711EB5 /* ArticleListContent.swift */; };
		6541B82023F3252B00711EB5 /* SegmentPicker.swift in Sources */ = {isa = PBXBuildFile; fileRef = 6541B81F23F3252B00711EB5 /* SegmentPicker.swift */; };
		6541B82223F3273B00711EB5 /* LabelledButton.swift in Sources */ = {isa = PBXBuildFile; fileRef = 6541B82123F3273B00711EB5 /* LabelledButton.swift */; };
		65690B0623F4615D002EC53E /* Date+Extensions.swift in Sources */ = {isa = PBXBuildFile; fileRef = 65690B0523F4615D002EC53E /* Date+Extensions.swift */; };
		65690B0923F4797E002EC53E /* MainRouter.swift in Sources */ = {isa = PBXBuildFile; fileRef = 65690B0823F4797E002EC53E /* MainRouter.swift */; };
		65690B0B23F4862C002EC53E /* String+Extensions.swift in Sources */ = {isa = PBXBuildFile; fileRef = 65690B0A23F4862C002EC53E /* String+Extensions.swift */; };
		65690B0F23F59906002EC53E /* ImageDatasource.swift in Sources */ = {isa = PBXBuildFile; fileRef = 65690B0E23F59906002EC53E /* ImageDatasource.swift */; };
		65690B1123F5AEE2002EC53E /* ArticleViewerVC.swift in Sources */ = {isa = PBXBuildFile; fileRef = 65690B1023F5AEE2002EC53E /* ArticleViewerVC.swift */; };
		65690B1423F6D6D4002EC53E /* SectionRequest.swift in Sources */ = {isa = PBXBuildFile; fileRef = 65690B1323F6D6D4002EC53E /* SectionRequest.swift */; };
		65690B1623F6D6E6002EC53E /* ArticleRequest.swift in Sources */ = {isa = PBXBuildFile; fileRef = 65690B1523F6D6E6002EC53E /* ArticleRequest.swift */; };
		65690B1823F6DBC0002EC53E /* Result+Extensions.swift in Sources */ = {isa = PBXBuildFile; fileRef = 65690B1723F6DBC0002EC53E /* Result+Extensions.swift */; };
		657A05422406CA8E003AB893 /* AutoLayout.swift in Sources */ = {isa = PBXBuildFile; fileRef = 657A05412406CA8E003AB893 /* AutoLayout.swift */; };
		65C65F352444E67300CD41EF /* PaddedLabel.swift in Sources */ = {isa = PBXBuildFile; fileRef = 65C65F342444E67300CD41EF /* PaddedLabel.swift */; };
		65C65F372444F16400CD41EF /* DarkStyle.swift in Sources */ = {isa = PBXBuildFile; fileRef = 65C65F362444F16400CD41EF /* DarkStyle.swift */; };
		65C7679F23F716BF00AC8F38 /* APIResponses.swift in Sources */ = {isa = PBXBuildFile; fileRef = 65C7679E23F716BF00AC8F38 /* APIResponses.swift */; };
		65C767A323F71CCD00AC8F38 /* NYTClientTests.swift in Sources */ = {isa = PBXBuildFile; fileRef = 65C767A223F71CCD00AC8F38 /* NYTClientTests.swift */; };
		65C767A923F72E9100AC8F38 /* SectionRequest.swift in Sources */ = {isa = PBXBuildFile; fileRef = 65690B1323F6D6D4002EC53E /* SectionRequest.swift */; };
		65C767AA23F72EBC00AC8F38 /* APIRequest.swift in Sources */ = {isa = PBXBuildFile; fileRef = 65D1188823F1F43F00D0353C /* APIRequest.swift */; };
		65C767AB23F72EC500AC8F38 /* APIClient.swift in Sources */ = {isa = PBXBuildFile; fileRef = 65D1188623F1F42F00D0353C /* APIClient.swift */; };
		65C767AC23F72ECC00AC8F38 /* ArticleRequest.swift in Sources */ = {isa = PBXBuildFile; fileRef = 65690B1523F6D6E6002EC53E /* ArticleRequest.swift */; };
		65C767AD23F72ED000AC8F38 /* Article.swift in Sources */ = {isa = PBXBuildFile; fileRef = 65D1188A23F1F46300D0353C /* Article.swift */; };
		65C767AE23F72EED00AC8F38 /* ImageDatasource.swift in Sources */ = {isa = PBXBuildFile; fileRef = 65690B0E23F59906002EC53E /* ImageDatasource.swift */; };
		65C767B223F72EFE00AC8F38 /* ArticleListContent.swift in Sources */ = {isa = PBXBuildFile; fileRef = 6541B81D23F31BEA00711EB5 /* ArticleListContent.swift */; };
		65C767B523F72F1900AC8F38 /* Collection+Extensions.swift in Sources */ = {isa = PBXBuildFile; fileRef = 65D1188C23F1F4AA00D0353C /* Collection+Extensions.swift */; };
		65C767B623F72F1900AC8F38 /* Operators.swift in Sources */ = {isa = PBXBuildFile; fileRef = 65D118B023F2E2B900D0353C /* Operators.swift */; };
		65C767B723F72F1900AC8F38 /* Combine+Extensions.swift in Sources */ = {isa = PBXBuildFile; fileRef = 65D118B223F2EFDE00D0353C /* Combine+Extensions.swift */; };
		65C767B823F72F1900AC8F38 /* Date+Extensions.swift in Sources */ = {isa = PBXBuildFile; fileRef = 65690B0523F4615D002EC53E /* Date+Extensions.swift */; };
		65C767B923F72F1900AC8F38 /* String+Extensions.swift in Sources */ = {isa = PBXBuildFile; fileRef = 65690B0A23F4862C002EC53E /* String+Extensions.swift */; };
		65C767BA23F72F1900AC8F38 /* Result+Extensions.swift in Sources */ = {isa = PBXBuildFile; fileRef = 65690B1723F6DBC0002EC53E /* Result+Extensions.swift */; };
		65C767BC23F737FF00AC8F38 /* Failable.swift in Sources */ = {isa = PBXBuildFile; fileRef = 65C767BB23F737FF00AC8F38 /* Failable.swift */; };
		65C767BD23F7381B00AC8F38 /* Failable.swift in Sources */ = {isa = PBXBuildFile; fileRef = 65C767BB23F737FF00AC8F38 /* Failable.swift */; };
		65D1185023F1F3B900D0353C /* AppDelegate.swift in Sources */ = {isa = PBXBuildFile; fileRef = 65D1184F23F1F3B900D0353C /* AppDelegate.swift */; };
		65D1185223F1F3B900D0353C /* SceneDelegate.swift in Sources */ = {isa = PBXBuildFile; fileRef = 65D1185123F1F3B900D0353C /* SceneDelegate.swift */; };
		65D1185523F1F3B900D0353C /* NYTimes_Viewer.xcdatamodeld in Sources */ = {isa = PBXBuildFile; fileRef = 65D1185323F1F3B900D0353C /* NYTimes_Viewer.xcdatamodeld */; };
		65D1185923F1F3BA00D0353C /* Assets.xcassets in Resources */ = {isa = PBXBuildFile; fileRef = 65D1185823F1F3BA00D0353C /* Assets.xcassets */; };
		65D1185C23F1F3BA00D0353C /* Preview Assets.xcassets in Resources */ = {isa = PBXBuildFile; fileRef = 65D1185B23F1F3BA00D0353C /* Preview Assets.xcassets */; };
		65D1185F23F1F3BB00D0353C /* LaunchScreen.storyboard in Resources */ = {isa = PBXBuildFile; fileRef = 65D1185D23F1F3BB00D0353C /* LaunchScreen.storyboard */; };
		65D1187523F1F3BB00D0353C /* NYTimes_ViewerUITests.swift in Sources */ = {isa = PBXBuildFile; fileRef = 65D1187423F1F3BB00D0353C /* NYTimes_ViewerUITests.swift */; };
		65D1188723F1F42F00D0353C /* APIClient.swift in Sources */ = {isa = PBXBuildFile; fileRef = 65D1188623F1F42F00D0353C /* APIClient.swift */; };
		65D1188923F1F43F00D0353C /* APIRequest.swift in Sources */ = {isa = PBXBuildFile; fileRef = 65D1188823F1F43F00D0353C /* APIRequest.swift */; };
		65D1188B23F1F46300D0353C /* Article.swift in Sources */ = {isa = PBXBuildFile; fileRef = 65D1188A23F1F46300D0353C /* Article.swift */; };
		65D1188D23F1F4AA00D0353C /* Collection+Extensions.swift in Sources */ = {isa = PBXBuildFile; fileRef = 65D1188C23F1F4AA00D0353C /* Collection+Extensions.swift */; };
		65D1189B23F1F62300D0353C /* UIAlertController+Extensions.swift in Sources */ = {isa = PBXBuildFile; fileRef = 65D1189A23F1F62300D0353C /* UIAlertController+Extensions.swift */; };
		65D1189D23F1F64800D0353C /* UILabel+Extensions.swift in Sources */ = {isa = PBXBuildFile; fileRef = 65D1189C23F1F64800D0353C /* UILabel+Extensions.swift */; };
		65D118A023F1F6FC00D0353C /* Styles.swift in Sources */ = {isa = PBXBuildFile; fileRef = 65D1189F23F1F6FC00D0353C /* Styles.swift */; };
		65D118A723F1FA2E00D0353C /* LightStyle.swift in Sources */ = {isa = PBXBuildFile; fileRef = 65D118A623F1FA2E00D0353C /* LightStyle.swift */; };
		65D118AF23F203C100D0353C /* ArticleCell.swift in Sources */ = {isa = PBXBuildFile; fileRef = 65D118AE23F203C100D0353C /* ArticleCell.swift */; };
		65D118B123F2E2B900D0353C /* Operators.swift in Sources */ = {isa = PBXBuildFile; fileRef = 65D118B023F2E2B900D0353C /* Operators.swift */; };
		65D118B323F2EFDE00D0353C /* Combine+Extensions.swift in Sources */ = {isa = PBXBuildFile; fileRef = 65D118B223F2EFDE00D0353C /* Combine+Extensions.swift */; };
		65F8EE9E23FADCAA00692D8B /* ArticleListController.swift in Sources */ = {isa = PBXBuildFile; fileRef = 6541B81B23F319B200711EB5 /* ArticleListController.swift */; };
		65F8EEA023FADD0000692D8B /* ArticleListControllerTests.swift in Sources */ = {isa = PBXBuildFile; fileRef = 65F8EE9F23FADD0000692D8B /* ArticleListControllerTests.swift */; };
		65F8EEA223FAE17100692D8B /* MockAPIClient.swift in Sources */ = {isa = PBXBuildFile; fileRef = 65F8EEA123FAE17100692D8B /* MockAPIClient.swift */; };
		65F8EEA523FAE19F00692D8B /* MockNetworkSession.swift in Sources */ = {isa = PBXBuildFile; fileRef = 65F8EEA423FAE19F00692D8B /* MockNetworkSession.swift */; };
/* End PBXBuildFile section */

/* Begin PBXContainerItemProxy section */
		65D1186623F1F3BB00D0353C /* PBXContainerItemProxy */ = {
			isa = PBXContainerItemProxy;
			containerPortal = 65D1184423F1F3B900D0353C /* Project object */;
			proxyType = 1;
			remoteGlobalIDString = 65D1184B23F1F3B900D0353C;
			remoteInfo = "NYTimes Viewer";
		};
		65D1187123F1F3BB00D0353C /* PBXContainerItemProxy */ = {
			isa = PBXContainerItemProxy;
			containerPortal = 65D1184423F1F3B900D0353C /* Project object */;
			proxyType = 1;
			remoteGlobalIDString = 65D1184B23F1F3B900D0353C;
			remoteInfo = "NYTimes Viewer";
		};
/* End PBXContainerItemProxy section */

/* Begin PBXFileReference section */
		6541B81723F3038E00711EB5 /* ArticleCollection.swift */ = {isa = PBXFileReference; lastKnownFileType = sourcecode.swift; path = ArticleCollection.swift; sourceTree = "<group>"; };
		6541B81923F3134100711EB5 /* ArticleListVC.swift */ = {isa = PBXFileReference; lastKnownFileType = sourcecode.swift; path = ArticleListVC.swift; sourceTree = "<group>"; };
		6541B81B23F319B200711EB5 /* ArticleListController.swift */ = {isa = PBXFileReference; lastKnownFileType = sourcecode.swift; path = ArticleListController.swift; sourceTree = "<group>"; };
		6541B81D23F31BEA00711EB5 /* ArticleListContent.swift */ = {isa = PBXFileReference; lastKnownFileType = sourcecode.swift; path = ArticleListContent.swift; sourceTree = "<group>"; };
		6541B81F23F3252B00711EB5 /* SegmentPicker.swift */ = {isa = PBXFileReference; lastKnownFileType = sourcecode.swift; path = SegmentPicker.swift; sourceTree = "<group>"; };
		6541B82123F3273B00711EB5 /* LabelledButton.swift */ = {isa = PBXFileReference; lastKnownFileType = sourcecode.swift; path = LabelledButton.swift; sourceTree = "<group>"; };
		65690B0523F4615D002EC53E /* Date+Extensions.swift */ = {isa = PBXFileReference; lastKnownFileType = sourcecode.swift; path = "Date+Extensions.swift"; sourceTree = "<group>"; };
		65690B0823F4797E002EC53E /* MainRouter.swift */ = {isa = PBXFileReference; lastKnownFileType = sourcecode.swift; path = MainRouter.swift; sourceTree = "<group>"; };
		65690B0A23F4862C002EC53E /* String+Extensions.swift */ = {isa = PBXFileReference; lastKnownFileType = sourcecode.swift; path = "String+Extensions.swift"; sourceTree = "<group>"; };
		65690B0E23F59906002EC53E /* ImageDatasource.swift */ = {isa = PBXFileReference; lastKnownFileType = sourcecode.swift; path = ImageDatasource.swift; sourceTree = "<group>"; };
		65690B1023F5AEE2002EC53E /* ArticleViewerVC.swift */ = {isa = PBXFileReference; lastKnownFileType = sourcecode.swift; path = ArticleViewerVC.swift; sourceTree = "<group>"; };
		65690B1323F6D6D4002EC53E /* SectionRequest.swift */ = {isa = PBXFileReference; lastKnownFileType = sourcecode.swift; path = SectionRequest.swift; sourceTree = "<group>"; };
		65690B1523F6D6E6002EC53E /* ArticleRequest.swift */ = {isa = PBXFileReference; lastKnownFileType = sourcecode.swift; path = ArticleRequest.swift; sourceTree = "<group>"; };
		65690B1723F6DBC0002EC53E /* Result+Extensions.swift */ = {isa = PBXFileReference; lastKnownFileType = sourcecode.swift; path = "Result+Extensions.swift"; sourceTree = "<group>"; };
		657A05412406CA8E003AB893 /* AutoLayout.swift */ = {isa = PBXFileReference; lastKnownFileType = sourcecode.swift; path = AutoLayout.swift; sourceTree = "<group>"; };
		65C65F342444E67300CD41EF /* PaddedLabel.swift */ = {isa = PBXFileReference; lastKnownFileType = sourcecode.swift; path = PaddedLabel.swift; sourceTree = "<group>"; };
		65C65F362444F16400CD41EF /* DarkStyle.swift */ = {isa = PBXFileReference; lastKnownFileType = sourcecode.swift; path = DarkStyle.swift; sourceTree = "<group>"; };
		65C7679E23F716BF00AC8F38 /* APIResponses.swift */ = {isa = PBXFileReference; lastKnownFileType = sourcecode.swift; path = APIResponses.swift; sourceTree = "<group>"; };
		65C767A223F71CCD00AC8F38 /* NYTClientTests.swift */ = {isa = PBXFileReference; lastKnownFileType = sourcecode.swift; path = NYTClientTests.swift; sourceTree = "<group>"; };
		65C767BB23F737FF00AC8F38 /* Failable.swift */ = {isa = PBXFileReference; lastKnownFileType = sourcecode.swift; path = Failable.swift; sourceTree = "<group>"; };
		65D1184C23F1F3B900D0353C /* NYTimes Viewer.app */ = {isa = PBXFileReference; explicitFileType = wrapper.application; includeInIndex = 0; path = "NYTimes Viewer.app"; sourceTree = BUILT_PRODUCTS_DIR; };
		65D1184F23F1F3B900D0353C /* AppDelegate.swift */ = {isa = PBXFileReference; lastKnownFileType = sourcecode.swift; path = AppDelegate.swift; sourceTree = "<group>"; };
		65D1185123F1F3B900D0353C /* SceneDelegate.swift */ = {isa = PBXFileReference; lastKnownFileType = sourcecode.swift; path = SceneDelegate.swift; sourceTree = "<group>"; };
		65D1185423F1F3B900D0353C /* NYTimes_Viewer.xcdatamodel */ = {isa = PBXFileReference; lastKnownFileType = wrapper.xcdatamodel; path = NYTimes_Viewer.xcdatamodel; sourceTree = "<group>"; };
		65D1185823F1F3BA00D0353C /* Assets.xcassets */ = {isa = PBXFileReference; lastKnownFileType = folder.assetcatalog; path = Assets.xcassets; sourceTree = "<group>"; };
		65D1185B23F1F3BA00D0353C /* Preview Assets.xcassets */ = {isa = PBXFileReference; lastKnownFileType = folder.assetcatalog; path = "Preview Assets.xcassets"; sourceTree = "<group>"; };
		65D1185E23F1F3BB00D0353C /* Base */ = {isa = PBXFileReference; lastKnownFileType = file.storyboard; name = Base; path = Base.lproj/LaunchScreen.storyboard; sourceTree = "<group>"; };
		65D1186023F1F3BB00D0353C /* Info.plist */ = {isa = PBXFileReference; lastKnownFileType = text.plist.xml; path = Info.plist; sourceTree = "<group>"; };
		65D1186523F1F3BB00D0353C /* NYTimes ViewerTests.xctest */ = {isa = PBXFileReference; explicitFileType = wrapper.cfbundle; includeInIndex = 0; path = "NYTimes ViewerTests.xctest"; sourceTree = BUILT_PRODUCTS_DIR; };
		65D1186B23F1F3BB00D0353C /* Info.plist */ = {isa = PBXFileReference; lastKnownFileType = text.plist.xml; path = Info.plist; sourceTree = "<group>"; };
		65D1187023F1F3BB00D0353C /* NYTimes ViewerUITests.xctest */ = {isa = PBXFileReference; explicitFileType = wrapper.cfbundle; includeInIndex = 0; path = "NYTimes ViewerUITests.xctest"; sourceTree = BUILT_PRODUCTS_DIR; };
		65D1187423F1F3BB00D0353C /* NYTimes_ViewerUITests.swift */ = {isa = PBXFileReference; lastKnownFileType = sourcecode.swift; path = NYTimes_ViewerUITests.swift; sourceTree = "<group>"; };
		65D1187623F1F3BB00D0353C /* Info.plist */ = {isa = PBXFileReference; lastKnownFileType = text.plist.xml; path = Info.plist; sourceTree = "<group>"; };
		65D1188623F1F42F00D0353C /* APIClient.swift */ = {isa = PBXFileReference; lastKnownFileType = sourcecode.swift; path = APIClient.swift; sourceTree = "<group>"; };
		65D1188823F1F43F00D0353C /* APIRequest.swift */ = {isa = PBXFileReference; lastKnownFileType = sourcecode.swift; path = APIRequest.swift; sourceTree = "<group>"; };
		65D1188A23F1F46300D0353C /* Article.swift */ = {isa = PBXFileReference; lastKnownFileType = sourcecode.swift; path = Article.swift; sourceTree = "<group>"; };
		65D1188C23F1F4AA00D0353C /* Collection+Extensions.swift */ = {isa = PBXFileReference; lastKnownFileType = sourcecode.swift; path = "Collection+Extensions.swift"; sourceTree = "<group>"; };
		65D1189A23F1F62300D0353C /* UIAlertController+Extensions.swift */ = {isa = PBXFileReference; lastKnownFileType = sourcecode.swift; path = "UIAlertController+Extensions.swift"; sourceTree = "<group>"; };
		65D1189C23F1F64800D0353C /* UILabel+Extensions.swift */ = {isa = PBXFileReference; lastKnownFileType = sourcecode.swift; path = "UILabel+Extensions.swift"; sourceTree = "<group>"; };
		65D1189F23F1F6FC00D0353C /* Styles.swift */ = {isa = PBXFileReference; lastKnownFileType = sourcecode.swift; path = Styles.swift; sourceTree = "<group>"; };
		65D118A623F1FA2E00D0353C /* LightStyle.swift */ = {isa = PBXFileReference; lastKnownFileType = sourcecode.swift; path = LightStyle.swift; sourceTree = "<group>"; };
		65D118AE23F203C100D0353C /* ArticleCell.swift */ = {isa = PBXFileReference; lastKnownFileType = sourcecode.swift; path = ArticleCell.swift; sourceTree = "<group>"; };
		65D118B023F2E2B900D0353C /* Operators.swift */ = {isa = PBXFileReference; lastKnownFileType = sourcecode.swift; path = Operators.swift; sourceTree = "<group>"; };
		65D118B223F2EFDE00D0353C /* Combine+Extensions.swift */ = {isa = PBXFileReference; lastKnownFileType = sourcecode.swift; path = "Combine+Extensions.swift"; sourceTree = "<group>"; };
		65F8EE9F23FADD0000692D8B /* ArticleListControllerTests.swift */ = {isa = PBXFileReference; lastKnownFileType = sourcecode.swift; path = ArticleListControllerTests.swift; sourceTree = "<group>"; };
		65F8EEA123FAE17100692D8B /* MockAPIClient.swift */ = {isa = PBXFileReference; lastKnownFileType = sourcecode.swift; path = MockAPIClient.swift; sourceTree = "<group>"; };
		65F8EEA423FAE19F00692D8B /* MockNetworkSession.swift */ = {isa = PBXFileReference; lastKnownFileType = sourcecode.swift; path = MockNetworkSession.swift; sourceTree = "<group>"; };
/* End PBXFileReference section */

/* Begin PBXFrameworksBuildPhase section */
		65D1184923F1F3B900D0353C /* Frameworks */ = {
			isa = PBXFrameworksBuildPhase;
			buildActionMask = 2147483647;
			files = (
			);
			runOnlyForDeploymentPostprocessing = 0;
		};
		65D1186223F1F3BB00D0353C /* Frameworks */ = {
			isa = PBXFrameworksBuildPhase;
			buildActionMask = 2147483647;
			files = (
			);
			runOnlyForDeploymentPostprocessing = 0;
		};
		65D1186D23F1F3BB00D0353C /* Frameworks */ = {
			isa = PBXFrameworksBuildPhase;
			buildActionMask = 2147483647;
			files = (
			);
			runOnlyForDeploymentPostprocessing = 0;
		};
/* End PBXFrameworksBuildPhase section */

/* Begin PBXGroup section */
		65690B0723F470B7002EC53E /* Routers */ = {
			isa = PBXGroup;
			children = (
				65690B0823F4797E002EC53E /* MainRouter.swift */,
			);
			path = Routers;
			sourceTree = "<group>";
		};
		65690B0D23F598ED002EC53E /* Image Controllers */ = {
			isa = PBXGroup;
			children = (
				65690B0E23F59906002EC53E /* ImageDatasource.swift */,
			);
			path = "Image Controllers";
			sourceTree = "<group>";
		};
		65D1184323F1F3B900D0353C = {
			isa = PBXGroup;
			children = (
				65D1184E23F1F3B900D0353C /* NYTimes Viewer */,
				65D1186823F1F3BB00D0353C /* NYTimes ViewerTests */,
				65D1187323F1F3BB00D0353C /* NYTimes ViewerUITests */,
				65D1184D23F1F3B900D0353C /* Products */,
			);
			sourceTree = "<group>";
		};
		65D1184D23F1F3B900D0353C /* Products */ = {
			isa = PBXGroup;
			children = (
				65D1184C23F1F3B900D0353C /* NYTimes Viewer.app */,
				65D1186523F1F3BB00D0353C /* NYTimes ViewerTests.xctest */,
				65D1187023F1F3BB00D0353C /* NYTimes ViewerUITests.xctest */,
			);
			name = Products;
			sourceTree = "<group>";
		};
		65D1184E23F1F3B900D0353C /* NYTimes Viewer */ = {
			isa = PBXGroup;
			children = (
				65690B0723F470B7002EC53E /* Routers */,
				65D118AB23F202C800D0353C /* Controllers */,
				65D118AA23F2029000D0353C /* Components */,
				65D118A123F1F76C00D0353C /* Common UI */,
				65D1189E23F1F6EF00D0353C /* Styles */,
				65D1188323F1F3FD00D0353C /* Utilities */,
				65D1184F23F1F3B900D0353C /* AppDelegate.swift */,
				65D1185123F1F3B900D0353C /* SceneDelegate.swift */,
				65D1185823F1F3BA00D0353C /* Assets.xcassets */,
				65D1185D23F1F3BB00D0353C /* LaunchScreen.storyboard */,
				65D1186023F1F3BB00D0353C /* Info.plist */,
				65D1185323F1F3B900D0353C /* NYTimes_Viewer.xcdatamodeld */,
				65D1185A23F1F3BA00D0353C /* Preview Content */,
			);
			path = "NYTimes Viewer";
			sourceTree = "<group>";
		};
		65D1185A23F1F3BA00D0353C /* Preview Content */ = {
			isa = PBXGroup;
			children = (
				65D1185B23F1F3BA00D0353C /* Preview Assets.xcassets */,
			);
			path = "Preview Content";
			sourceTree = "<group>";
		};
		65D1186823F1F3BB00D0353C /* NYTimes ViewerTests */ = {
			isa = PBXGroup;
			children = (
				65F8EEA323FAE17F00692D8B /* Mocks */,
				65C767A223F71CCD00AC8F38 /* NYTClientTests.swift */,
				65F8EE9F23FADD0000692D8B /* ArticleListControllerTests.swift */,
				65D1186B23F1F3BB00D0353C /* Info.plist */,
			);
			path = "NYTimes ViewerTests";
			sourceTree = "<group>";
		};
		65D1187323F1F3BB00D0353C /* NYTimes ViewerUITests */ = {
			isa = PBXGroup;
			children = (
				65D1187423F1F3BB00D0353C /* NYTimes_ViewerUITests.swift */,
				65D1187623F1F3BB00D0353C /* Info.plist */,
			);
			path = "NYTimes ViewerUITests";
			sourceTree = "<group>";
		};
		65D1188223F1F3ED00D0353C /* API Client */ = {
			isa = PBXGroup;
			children = (
				65D1188623F1F42F00D0353C /* APIClient.swift */,
				65D1188823F1F43F00D0353C /* APIRequest.swift */,
				65690B1323F6D6D4002EC53E /* SectionRequest.swift */,
				65690B1523F6D6E6002EC53E /* ArticleRequest.swift */,
				65D1188A23F1F46300D0353C /* Article.swift */,
			);
			path = "API Client";
			sourceTree = "<group>";
		};
		65D1188323F1F3FD00D0353C /* Utilities */ = {
			isa = PBXGroup;
			children = (
				65D1188523F1F41100D0353C /* Foundation */,
				65D1188423F1F40B00D0353C /* UI */,
			);
			path = Utilities;
			sourceTree = "<group>";
		};
		65D1188423F1F40B00D0353C /* UI */ = {
			isa = PBXGroup;
			children = (
				65D1189A23F1F62300D0353C /* UIAlertController+Extensions.swift */,
				65D1189C23F1F64800D0353C /* UILabel+Extensions.swift */,
				657A05412406CA8E003AB893 /* AutoLayout.swift */,
			);
			path = UI;
			sourceTree = "<group>";
		};
		65D1188523F1F41100D0353C /* Foundation */ = {
			isa = PBXGroup;
			children = (
				65D1188C23F1F4AA00D0353C /* Collection+Extensions.swift */,
				65D118B023F2E2B900D0353C /* Operators.swift */,
				65D118B223F2EFDE00D0353C /* Combine+Extensions.swift */,
				65690B0523F4615D002EC53E /* Date+Extensions.swift */,
				65690B0A23F4862C002EC53E /* String+Extensions.swift */,
				65690B1723F6DBC0002EC53E /* Result+Extensions.swift */,
				65C767BB23F737FF00AC8F38 /* Failable.swift */,
			);
			path = Foundation;
			sourceTree = "<group>";
		};
		65D1189E23F1F6EF00D0353C /* Styles */ = {
			isa = PBXGroup;
			children = (
				65D1189F23F1F6FC00D0353C /* Styles.swift */,
				65D118A623F1FA2E00D0353C /* LightStyle.swift */,
				65C65F362444F16400CD41EF /* DarkStyle.swift */,
			);
			path = Styles;
			sourceTree = "<group>";
		};
		65D118A123F1F76C00D0353C /* Common UI */ = {
			isa = PBXGroup;
			children = (
				6541B81F23F3252B00711EB5 /* SegmentPicker.swift */,
				6541B82123F3273B00711EB5 /* LabelledButton.swift */,
				65C65F342444E67300CD41EF /* PaddedLabel.swift */,
			);
			path = "Common UI";
			sourceTree = "<group>";
		};
		65D118AA23F2029000D0353C /* Components */ = {
			isa = PBXGroup;
			children = (
				65D118AC23F202D800D0353C /* Article List */,
				65D118AD23F2031400D0353C /* Article Viewer */,
			);
			path = Components;
			sourceTree = "<group>";
		};
		65D118AB23F202C800D0353C /* Controllers */ = {
			isa = PBXGroup;
			children = (
				65690B0D23F598ED002EC53E /* Image Controllers */,
				65D1188223F1F3ED00D0353C /* API Client */,
			);
			path = Controllers;
			sourceTree = "<group>";
		};
		65D118AC23F202D800D0353C /* Article List */ = {
			isa = PBXGroup;
			children = (
				6541B81923F3134100711EB5 /* ArticleListVC.swift */,
				6541B81B23F319B200711EB5 /* ArticleListController.swift */,
				6541B81D23F31BEA00711EB5 /* ArticleListContent.swift */,
				6541B81723F3038E00711EB5 /* ArticleCollection.swift */,
				65D118AE23F203C100D0353C /* ArticleCell.swift */,
			);
			path = "Article List";
			sourceTree = "<group>";
		};
		65D118AD23F2031400D0353C /* Article Viewer */ = {
			isa = PBXGroup;
			children = (
				65690B1023F5AEE2002EC53E /* ArticleViewerVC.swift */,
			);
			path = "Article Viewer";
			sourceTree = "<group>";
		};
		65F8EEA323FAE17F00692D8B /* Mocks */ = {
			isa = PBXGroup;
			children = (
				65F8EEA123FAE17100692D8B /* MockAPIClient.swift */,
				65F8EEA423FAE19F00692D8B /* MockNetworkSession.swift */,
				65C7679E23F716BF00AC8F38 /* APIResponses.swift */,
			);
			path = Mocks;
			sourceTree = "<group>";
		};
/* End PBXGroup section */

/* Begin PBXNativeTarget section */
		65D1184B23F1F3B900D0353C /* NYTimes Viewer */ = {
			isa = PBXNativeTarget;
			buildConfigurationList = 65D1187923F1F3BB00D0353C /* Build configuration list for PBXNativeTarget "NYTimes Viewer" */;
			buildPhases = (
				65D1184823F1F3B900D0353C /* Sources */,
				65D1184923F1F3B900D0353C /* Frameworks */,
				65D1184A23F1F3B900D0353C /* Resources */,
				65690B0C23F569C3002EC53E /* TODO and FIXME Warnings */,
			);
			buildRules = (
			);
			dependencies = (
			);
			name = "NYTimes Viewer";
			productName = "NYTimes Viewer";
			productReference = 65D1184C23F1F3B900D0353C /* NYTimes Viewer.app */;
			productType = "com.apple.product-type.application";
		};
		65D1186423F1F3BB00D0353C /* NYTimes ViewerTests */ = {
			isa = PBXNativeTarget;
			buildConfigurationList = 65D1187C23F1F3BB00D0353C /* Build configuration list for PBXNativeTarget "NYTimes ViewerTests" */;
			buildPhases = (
				65D1186123F1F3BB00D0353C /* Sources */,
				65D1186223F1F3BB00D0353C /* Frameworks */,
				65D1186323F1F3BB00D0353C /* Resources */,
			);
			buildRules = (
			);
			dependencies = (
				65D1186723F1F3BB00D0353C /* PBXTargetDependency */,
			);
			name = "NYTimes ViewerTests";
			productName = "NYTimes ViewerTests";
			productReference = 65D1186523F1F3BB00D0353C /* NYTimes ViewerTests.xctest */;
			productType = "com.apple.product-type.bundle.unit-test";
		};
		65D1186F23F1F3BB00D0353C /* NYTimes ViewerUITests */ = {
			isa = PBXNativeTarget;
			buildConfigurationList = 65D1187F23F1F3BB00D0353C /* Build configuration list for PBXNativeTarget "NYTimes ViewerUITests" */;
			buildPhases = (
				65D1186C23F1F3BB00D0353C /* Sources */,
				65D1186D23F1F3BB00D0353C /* Frameworks */,
				65D1186E23F1F3BB00D0353C /* Resources */,
			);
			buildRules = (
			);
			dependencies = (
				65D1187223F1F3BB00D0353C /* PBXTargetDependency */,
			);
			name = "NYTimes ViewerUITests";
			productName = "NYTimes ViewerUITests";
			productReference = 65D1187023F1F3BB00D0353C /* NYTimes ViewerUITests.xctest */;
			productType = "com.apple.product-type.bundle.ui-testing";
		};
/* End PBXNativeTarget section */

/* Begin PBXProject section */
		65D1184423F1F3B900D0353C /* Project object */ = {
			isa = PBXProject;
			attributes = {
				LastSwiftUpdateCheck = 1130;
				LastUpgradeCheck = 1130;
				ORGANIZATIONNAME = "Flexilesoft, LLC";
				TargetAttributes = {
					65D1184B23F1F3B900D0353C = {
						CreatedOnToolsVersion = 11.3.1;
					};
					65D1186423F1F3BB00D0353C = {
						CreatedOnToolsVersion = 11.3.1;
					};
					65D1186F23F1F3BB00D0353C = {
						CreatedOnToolsVersion = 11.3.1;
						TestTargetID = 65D1184B23F1F3B900D0353C;
					};
				};
			};
			buildConfigurationList = 65D1184723F1F3B900D0353C /* Build configuration list for PBXProject "NYTimes Viewer" */;
			compatibilityVersion = "Xcode 9.3";
			developmentRegion = en;
			hasScannedForEncodings = 0;
			knownRegions = (
				en,
				Base,
			);
			mainGroup = 65D1184323F1F3B900D0353C;
			productRefGroup = 65D1184D23F1F3B900D0353C /* Products */;
			projectDirPath = "";
			projectRoot = "";
			targets = (
				65D1184B23F1F3B900D0353C /* NYTimes Viewer */,
				65D1186423F1F3BB00D0353C /* NYTimes ViewerTests */,
				65D1186F23F1F3BB00D0353C /* NYTimes ViewerUITests */,
			);
		};
/* End PBXProject section */

/* Begin PBXResourcesBuildPhase section */
		65D1184A23F1F3B900D0353C /* Resources */ = {
			isa = PBXResourcesBuildPhase;
			buildActionMask = 2147483647;
			files = (
				65D1185F23F1F3BB00D0353C /* LaunchScreen.storyboard in Resources */,
				65D1185C23F1F3BA00D0353C /* Preview Assets.xcassets in Resources */,
				65D1185923F1F3BA00D0353C /* Assets.xcassets in Resources */,
			);
			runOnlyForDeploymentPostprocessing = 0;
		};
		65D1186323F1F3BB00D0353C /* Resources */ = {
			isa = PBXResourcesBuildPhase;
			buildActionMask = 2147483647;
			files = (
			);
			runOnlyForDeploymentPostprocessing = 0;
		};
		65D1186E23F1F3BB00D0353C /* Resources */ = {
			isa = PBXResourcesBuildPhase;
			buildActionMask = 2147483647;
			files = (
			);
			runOnlyForDeploymentPostprocessing = 0;
		};
/* End PBXResourcesBuildPhase section */

/* Begin PBXShellScriptBuildPhase section */
		65690B0C23F569C3002EC53E /* TODO and FIXME Warnings */ = {
			isa = PBXShellScriptBuildPhase;
			buildActionMask = 2147483647;
			files = (
			);
			inputFileListPaths = (
			);
			inputPaths = (
			);
			name = "TODO and FIXME Warnings";
			outputFileListPaths = (
			);
			outputPaths = (
			);
			runOnlyForDeploymentPostprocessing = 0;
			shellPath = /bin/sh;
			shellScript = "# Type a script or drag a script file from your workspace to insert its path.\nTAGS=\"TODO:|FIXME:\"\nERRORTAG=\"ERROR:\"\nfind \"${SRCROOT}\" \\( -name \"*.h\" -or -name \"*.m\" -or -name \"*.swift\" \\) -not -path \"${SRCROOT}/Pods/*\" -print0 | xargs -0 egrep --with-filename --line-number --only-matching \"($TAGS).*\\$|($ERRORTAG).*\\$\" | perl -p -e \"s/($TAGS)/ warning: \\$1/\" | perl -p -e \"s/($ERRORTAG)/ error: \\$1/\"\n";
		};
/* End PBXShellScriptBuildPhase section */

/* Begin PBXSourcesBuildPhase section */
		65D1184823F1F3B900D0353C /* Sources */ = {
			isa = PBXSourcesBuildPhase;
			buildActionMask = 2147483647;
			files = (
				65D1188B23F1F46300D0353C /* Article.swift in Sources */,
				6541B81E23F31BEA00711EB5 /* ArticleListContent.swift in Sources */,
				657A05422406CA8E003AB893 /* AutoLayout.swift in Sources */,
				65C767BC23F737FF00AC8F38 /* Failable.swift in Sources */,
				65690B1623F6D6E6002EC53E /* ArticleRequest.swift in Sources */,
				65D1185023F1F3B900D0353C /* AppDelegate.swift in Sources */,
				65D1189B23F1F62300D0353C /* UIAlertController+Extensions.swift in Sources */,
				65D1185523F1F3B900D0353C /* NYTimes_Viewer.xcdatamodeld in Sources */,
				65D1189D23F1F64800D0353C /* UILabel+Extensions.swift in Sources */,
				6541B81C23F319B200711EB5 /* ArticleListController.swift in Sources */,
				65D118A723F1FA2E00D0353C /* LightStyle.swift in Sources */,
				65690B0923F4797E002EC53E /* MainRouter.swift in Sources */,
				65D118AF23F203C100D0353C /* ArticleCell.swift in Sources */,
				65D118B323F2EFDE00D0353C /* Combine+Extensions.swift in Sources */,
				65D1188723F1F42F00D0353C /* APIClient.swift in Sources */,
				65D118A023F1F6FC00D0353C /* Styles.swift in Sources */,
				6541B81823F3038E00711EB5 /* ArticleCollection.swift in Sources */,
				65C65F352444E67300CD41EF /* PaddedLabel.swift in Sources */,
				65D118B123F2E2B900D0353C /* Operators.swift in Sources */,
				65690B1823F6DBC0002EC53E /* Result+Extensions.swift in Sources */,
				65690B0623F4615D002EC53E /* Date+Extensions.swift in Sources */,
				6541B82023F3252B00711EB5 /* SegmentPicker.swift in Sources */,
				65D1188D23F1F4AA00D0353C /* Collection+Extensions.swift in Sources */,
				6541B82223F3273B00711EB5 /* LabelledButton.swift in Sources */,
				6541B81A23F3134100711EB5 /* ArticleListVC.swift in Sources */,
				65690B0B23F4862C002EC53E /* String+Extensions.swift in Sources */,
				65D1188923F1F43F00D0353C /* APIRequest.swift in Sources */,
				65690B0F23F59906002EC53E /* ImageDatasource.swift in Sources */,
				65D1185223F1F3B900D0353C /* SceneDelegate.swift in Sources */,
				65C65F372444F16400CD41EF /* DarkStyle.swift in Sources */,
				65690B1123F5AEE2002EC53E /* ArticleViewerVC.swift in Sources */,
				65690B1423F6D6D4002EC53E /* SectionRequest.swift in Sources */,
			);
			runOnlyForDeploymentPostprocessing = 0;
		};
		65D1186123F1F3BB00D0353C /* Sources */ = {
			isa = PBXSourcesBuildPhase;
			buildActionMask = 2147483647;
			files = (
				65C767B923F72F1900AC8F38 /* String+Extensions.swift in Sources */,
				65C767B723F72F1900AC8F38 /* Combine+Extensions.swift in Sources */,
				65F8EEA023FADD0000692D8B /* ArticleListControllerTests.swift in Sources */,
				65C767A923F72E9100AC8F38 /* SectionRequest.swift in Sources */,
				65F8EEA223FAE17100692D8B /* MockAPIClient.swift in Sources */,
				65C767A323F71CCD00AC8F38 /* NYTClientTests.swift in Sources */,
				65C767AA23F72EBC00AC8F38 /* APIRequest.swift in Sources */,
				65F8EEA523FAE19F00692D8B /* MockNetworkSession.swift in Sources */,
				65C767AD23F72ED000AC8F38 /* Article.swift in Sources */,
				65C767B823F72F1900AC8F38 /* Date+Extensions.swift in Sources */,
				65C767AC23F72ECC00AC8F38 /* ArticleRequest.swift in Sources */,
				65C7679F23F716BF00AC8F38 /* APIResponses.swift in Sources */,
				65C767B623F72F1900AC8F38 /* Operators.swift in Sources */,
				65C767BD23F7381B00AC8F38 /* Failable.swift in Sources */,
				65C767B223F72EFE00AC8F38 /* ArticleListContent.swift in Sources */,
				65C767B523F72F1900AC8F38 /* Collection+Extensions.swift in Sources */,
				65C767BA23F72F1900AC8F38 /* Result+Extensions.swift in Sources */,
				65F8EE9E23FADCAA00692D8B /* ArticleListController.swift in Sources */,
				65C767AE23F72EED00AC8F38 /* ImageDatasource.swift in Sources */,
				65C767AB23F72EC500AC8F38 /* APIClient.swift in Sources */,
			);
			runOnlyForDeploymentPostprocessing = 0;
		};
		65D1186C23F1F3BB00D0353C /* Sources */ = {
			isa = PBXSourcesBuildPhase;
			buildActionMask = 2147483647;
			files = (
				65D1187523F1F3BB00D0353C /* NYTimes_ViewerUITests.swift in Sources */,
			);
			runOnlyForDeploymentPostprocessing = 0;
		};
/* End PBXSourcesBuildPhase section */

/* Begin PBXTargetDependency section */
		65D1186723F1F3BB00D0353C /* PBXTargetDependency */ = {
			isa = PBXTargetDependency;
			target = 65D1184B23F1F3B900D0353C /* NYTimes Viewer */;
			targetProxy = 65D1186623F1F3BB00D0353C /* PBXContainerItemProxy */;
		};
		65D1187223F1F3BB00D0353C /* PBXTargetDependency */ = {
			isa = PBXTargetDependency;
			target = 65D1184B23F1F3B900D0353C /* NYTimes Viewer */;
			targetProxy = 65D1187123F1F3BB00D0353C /* PBXContainerItemProxy */;
		};
/* End PBXTargetDependency section */

/* Begin PBXVariantGroup section */
		65D1185D23F1F3BB00D0353C /* LaunchScreen.storyboard */ = {
			isa = PBXVariantGroup;
			children = (
				65D1185E23F1F3BB00D0353C /* Base */,
			);
			name = LaunchScreen.storyboard;
			sourceTree = "<group>";
		};
/* End PBXVariantGroup section */

/* Begin XCBuildConfiguration section */
		65D1187723F1F3BB00D0353C /* Debug */ = {
			isa = XCBuildConfiguration;
			buildSettings = {
				ALWAYS_SEARCH_USER_PATHS = NO;
				CLANG_ANALYZER_NONNULL = YES;
				CLANG_ANALYZER_NUMBER_OBJECT_CONVERSION = YES_AGGRESSIVE;
				CLANG_CXX_LANGUAGE_STANDARD = "gnu++14";
				CLANG_CXX_LIBRARY = "libc++";
				CLANG_ENABLE_MODULES = YES;
				CLANG_ENABLE_OBJC_ARC = YES;
				CLANG_ENABLE_OBJC_WEAK = YES;
				CLANG_WARN_BLOCK_CAPTURE_AUTORELEASING = YES;
				CLANG_WARN_BOOL_CONVERSION = YES;
				CLANG_WARN_COMMA = YES;
				CLANG_WARN_CONSTANT_CONVERSION = YES;
				CLANG_WARN_DEPRECATED_OBJC_IMPLEMENTATIONS = YES;
				CLANG_WARN_DIRECT_OBJC_ISA_USAGE = YES_ERROR;
				CLANG_WARN_DOCUMENTATION_COMMENTS = YES;
				CLANG_WARN_EMPTY_BODY = YES;
				CLANG_WARN_ENUM_CONVERSION = YES;
				CLANG_WARN_INFINITE_RECURSION = YES;
				CLANG_WARN_INT_CONVERSION = YES;
				CLANG_WARN_NON_LITERAL_NULL_CONVERSION = YES;
				CLANG_WARN_OBJC_IMPLICIT_RETAIN_SELF = YES;
				CLANG_WARN_OBJC_LITERAL_CONVERSION = YES;
				CLANG_WARN_OBJC_ROOT_CLASS = YES_ERROR;
				CLANG_WARN_RANGE_LOOP_ANALYSIS = YES;
				CLANG_WARN_STRICT_PROTOTYPES = YES;
				CLANG_WARN_SUSPICIOUS_MOVE = YES;
				CLANG_WARN_UNGUARDED_AVAILABILITY = YES_AGGRESSIVE;
				CLANG_WARN_UNREACHABLE_CODE = YES;
				CLANG_WARN__DUPLICATE_METHOD_MATCH = YES;
				COPY_PHASE_STRIP = NO;
				DEBUG_INFORMATION_FORMAT = dwarf;
				ENABLE_STRICT_OBJC_MSGSEND = YES;
				ENABLE_TESTABILITY = YES;
				GCC_C_LANGUAGE_STANDARD = gnu11;
				GCC_DYNAMIC_NO_PIC = NO;
				GCC_NO_COMMON_BLOCKS = YES;
				GCC_OPTIMIZATION_LEVEL = 0;
				GCC_PREPROCESSOR_DEFINITIONS = (
					"DEBUG=1",
					"$(inherited)",
				);
				GCC_WARN_64_TO_32_BIT_CONVERSION = YES;
				GCC_WARN_ABOUT_RETURN_TYPE = YES_ERROR;
				GCC_WARN_UNDECLARED_SELECTOR = YES;
				GCC_WARN_UNINITIALIZED_AUTOS = YES_AGGRESSIVE;
				GCC_WARN_UNUSED_FUNCTION = YES;
				GCC_WARN_UNUSED_VARIABLE = YES;
				IPHONEOS_DEPLOYMENT_TARGET = 13.2;
				MTL_ENABLE_DEBUG_INFO = INCLUDE_SOURCE;
				MTL_FAST_MATH = YES;
				ONLY_ACTIVE_ARCH = YES;
				SDKROOT = iphoneos;
				SWIFT_ACTIVE_COMPILATION_CONDITIONS = DEBUG;
				SWIFT_OPTIMIZATION_LEVEL = "-Onone";
			};
			name = Debug;
		};
		65D1187823F1F3BB00D0353C /* Release */ = {
			isa = XCBuildConfiguration;
			buildSettings = {
				ALWAYS_SEARCH_USER_PATHS = NO;
				CLANG_ANALYZER_NONNULL = YES;
				CLANG_ANALYZER_NUMBER_OBJECT_CONVERSION = YES_AGGRESSIVE;
				CLANG_CXX_LANGUAGE_STANDARD = "gnu++14";
				CLANG_CXX_LIBRARY = "libc++";
				CLANG_ENABLE_MODULES = YES;
				CLANG_ENABLE_OBJC_ARC = YES;
				CLANG_ENABLE_OBJC_WEAK = YES;
				CLANG_WARN_BLOCK_CAPTURE_AUTORELEASING = YES;
				CLANG_WARN_BOOL_CONVERSION = YES;
				CLANG_WARN_COMMA = YES;
				CLANG_WARN_CONSTANT_CONVERSION = YES;
				CLANG_WARN_DEPRECATED_OBJC_IMPLEMENTATIONS = YES;
				CLANG_WARN_DIRECT_OBJC_ISA_USAGE = YES_ERROR;
				CLANG_WARN_DOCUMENTATION_COMMENTS = YES;
				CLANG_WARN_EMPTY_BODY = YES;
				CLANG_WARN_ENUM_CONVERSION = YES;
				CLANG_WARN_INFINITE_RECURSION = YES;
				CLANG_WARN_INT_CONVERSION = YES;
				CLANG_WARN_NON_LITERAL_NULL_CONVERSION = YES;
				CLANG_WARN_OBJC_IMPLICIT_RETAIN_SELF = YES;
				CLANG_WARN_OBJC_LITERAL_CONVERSION = YES;
				CLANG_WARN_OBJC_ROOT_CLASS = YES_ERROR;
				CLANG_WARN_RANGE_LOOP_ANALYSIS = YES;
				CLANG_WARN_STRICT_PROTOTYPES = YES;
				CLANG_WARN_SUSPICIOUS_MOVE = YES;
				CLANG_WARN_UNGUARDED_AVAILABILITY = YES_AGGRESSIVE;
				CLANG_WARN_UNREACHABLE_CODE = YES;
				CLANG_WARN__DUPLICATE_METHOD_MATCH = YES;
				COPY_PHASE_STRIP = NO;
				DEBUG_INFORMATION_FORMAT = "dwarf-with-dsym";
				ENABLE_NS_ASSERTIONS = NO;
				ENABLE_STRICT_OBJC_MSGSEND = YES;
				GCC_C_LANGUAGE_STANDARD = gnu11;
				GCC_NO_COMMON_BLOCKS = YES;
				GCC_WARN_64_TO_32_BIT_CONVERSION = YES;
				GCC_WARN_ABOUT_RETURN_TYPE = YES_ERROR;
				GCC_WARN_UNDECLARED_SELECTOR = YES;
				GCC_WARN_UNINITIALIZED_AUTOS = YES_AGGRESSIVE;
				GCC_WARN_UNUSED_FUNCTION = YES;
				GCC_WARN_UNUSED_VARIABLE = YES;
				IPHONEOS_DEPLOYMENT_TARGET = 13.2;
				MTL_ENABLE_DEBUG_INFO = NO;
				MTL_FAST_MATH = YES;
				SDKROOT = iphoneos;
				SWIFT_COMPILATION_MODE = wholemodule;
				SWIFT_OPTIMIZATION_LEVEL = "-O";
				VALIDATE_PRODUCT = YES;
			};
			name = Release;
		};
		65D1187A23F1F3BB00D0353C /* Debug */ = {
			isa = XCBuildConfiguration;
			buildSettings = {
				ASSETCATALOG_COMPILER_APPICON_NAME = AppIcon;
				CODE_SIGN_STYLE = Automatic;
				DEVELOPMENT_ASSET_PATHS = "\"NYTimes Viewer/Preview Content\"";
				DEVELOPMENT_TEAM = K2ACJ3FT43;
				ENABLE_PREVIEWS = YES;
				INFOPLIST_FILE = "NYTimes Viewer/Info.plist";
				LD_RUNPATH_SEARCH_PATHS = (
					"$(inherited)",
					"@executable_path/Frameworks",
				);
				PRODUCT_BUNDLE_IDENTIFIER = "com.flexilesoft.NYTimes-Viewer";
				PRODUCT_NAME = "$(TARGET_NAME)";
				SWIFT_VERSION = 5.0;
				TARGETED_DEVICE_FAMILY = "1,2";
			};
			name = Debug;
		};
		65D1187B23F1F3BB00D0353C /* Release */ = {
			isa = XCBuildConfiguration;
			buildSettings = {
				ASSETCATALOG_COMPILER_APPICON_NAME = AppIcon;
				CODE_SIGN_STYLE = Automatic;
				DEVELOPMENT_ASSET_PATHS = "\"NYTimes Viewer/Preview Content\"";
				DEVELOPMENT_TEAM = K2ACJ3FT43;
				ENABLE_PREVIEWS = YES;
				INFOPLIST_FILE = "NYTimes Viewer/Info.plist";
				LD_RUNPATH_SEARCH_PATHS = (
					"$(inherited)",
					"@executable_path/Frameworks",
				);
				PRODUCT_BUNDLE_IDENTIFIER = "com.flexilesoft.NYTimes-Viewer";
				PRODUCT_NAME = "$(TARGET_NAME)";
				SWIFT_VERSION = 5.0;
				TARGETED_DEVICE_FAMILY = "1,2";
			};
			name = Release;
		};
		65D1187D23F1F3BB00D0353C /* Debug */ = {
			isa = XCBuildConfiguration;
			buildSettings = {
				ALWAYS_EMBED_SWIFT_STANDARD_LIBRARIES = YES;
				CODE_SIGN_STYLE = Automatic;
				DEVELOPMENT_TEAM = K2ACJ3FT43;
				INFOPLIST_FILE = "NYTimes ViewerTests/Info.plist";
				IPHONEOS_DEPLOYMENT_TARGET = 13.2;
				LD_RUNPATH_SEARCH_PATHS = (
					"$(inherited)",
					"@executable_path/Frameworks",
					"@loader_path/Frameworks",
				);
				PRODUCT_BUNDLE_IDENTIFIER = "com.flexilesoft.NYTimes-ViewerTests";
				PRODUCT_NAME = "$(TARGET_NAME)";
				SWIFT_VERSION = 5.0;
				TARGETED_DEVICE_FAMILY = "1,2";
			};
			name = Debug;
		};
		65D1187E23F1F3BB00D0353C /* Release */ = {
			isa = XCBuildConfiguration;
			buildSettings = {
				ALWAYS_EMBED_SWIFT_STANDARD_LIBRARIES = YES;
				CODE_SIGN_STYLE = Automatic;
				DEVELOPMENT_TEAM = K2ACJ3FT43;
				INFOPLIST_FILE = "NYTimes ViewerTests/Info.plist";
				IPHONEOS_DEPLOYMENT_TARGET = 13.2;
				LD_RUNPATH_SEARCH_PATHS = (
					"$(inherited)",
					"@executable_path/Frameworks",
					"@loader_path/Frameworks",
				);
				PRODUCT_BUNDLE_IDENTIFIER = "com.flexilesoft.NYTimes-ViewerTests";
				PRODUCT_NAME = "$(TARGET_NAME)";
				SWIFT_VERSION = 5.0;
				TARGETED_DEVICE_FAMILY = "1,2";
			};
			name = Release;
		};
		65D1188023F1F3BB00D0353C /* Debug */ = {
			isa = XCBuildConfiguration;
			buildSettings = {
				ALWAYS_EMBED_SWIFT_STANDARD_LIBRARIES = YES;
				CODE_SIGN_STYLE = Automatic;
				DEVELOPMENT_TEAM = K2ACJ3FT43;
				INFOPLIST_FILE = "NYTimes ViewerUITests/Info.plist";
				LD_RUNPATH_SEARCH_PATHS = (
					"$(inherited)",
					"@executable_path/Frameworks",
					"@loader_path/Frameworks",
				);
				PRODUCT_BUNDLE_IDENTIFIER = "com.flexilesoft.NYTimes-ViewerUITests";
				PRODUCT_NAME = "$(TARGET_NAME)";
				SWIFT_VERSION = 5.0;
				TARGETED_DEVICE_FAMILY = "1,2";
				TEST_TARGET_NAME = "NYTimes Viewer";
			};
			name = Debug;
		};
		65D1188123F1F3BB00D0353C /* Release */ = {
			isa = XCBuildConfiguration;
			buildSettings = {
				ALWAYS_EMBED_SWIFT_STANDARD_LIBRARIES = YES;
				CODE_SIGN_STYLE = Automatic;
				DEVELOPMENT_TEAM = K2ACJ3FT43;
				INFOPLIST_FILE = "NYTimes ViewerUITests/Info.plist";
				LD_RUNPATH_SEARCH_PATHS = (
					"$(inherited)",
					"@executable_path/Frameworks",
					"@loader_path/Frameworks",
				);
				PRODUCT_BUNDLE_IDENTIFIER = "com.flexilesoft.NYTimes-ViewerUITests";
				PRODUCT_NAME = "$(TARGET_NAME)";
				SWIFT_VERSION = 5.0;
				TARGETED_DEVICE_FAMILY = "1,2";
				TEST_TARGET_NAME = "NYTimes Viewer";
			};
			name = Release;
		};
/* End XCBuildConfiguration section */

/* Begin XCConfigurationList section */
		65D1184723F1F3B900D0353C /* Build configuration list for PBXProject "NYTimes Viewer" */ = {
			isa = XCConfigurationList;
			buildConfigurations = (
				65D1187723F1F3BB00D0353C /* Debug */,
				65D1187823F1F3BB00D0353C /* Release */,
			);
			defaultConfigurationIsVisible = 0;
			defaultConfigurationName = Release;
		};
		65D1187923F1F3BB00D0353C /* Build configuration list for PBXNativeTarget "NYTimes Viewer" */ = {
			isa = XCConfigurationList;
			buildConfigurations = (
				65D1187A23F1F3BB00D0353C /* Debug */,
				65D1187B23F1F3BB00D0353C /* Release */,
			);
			defaultConfigurationIsVisible = 0;
			defaultConfigurationName = Release;
		};
		65D1187C23F1F3BB00D0353C /* Build configuration list for PBXNativeTarget "NYTimes ViewerTests" */ = {
			isa = XCConfigurationList;
			buildConfigurations = (
				65D1187D23F1F3BB00D0353C /* Debug */,
				65D1187E23F1F3BB00D0353C /* Release */,
			);
			defaultConfigurationIsVisible = 0;
			defaultConfigurationName = Release;
		};
		65D1187F23F1F3BB00D0353C /* Build configuration list for PBXNativeTarget "NYTimes ViewerUITests" */ = {
			isa = XCConfigurationList;
			buildConfigurations = (
				65D1188023F1F3BB00D0353C /* Debug */,
				65D1188123F1F3BB00D0353C /* Release */,
			);
			defaultConfigurationIsVisible = 0;
			defaultConfigurationName = Release;
		};
/* End XCConfigurationList section */

/* Begin XCVersionGroup section */
		65D1185323F1F3B900D0353C /* NYTimes_Viewer.xcdatamodeld */ = {
			isa = XCVersionGroup;
			children = (
				65D1185423F1F3B900D0353C /* NYTimes_Viewer.xcdatamodel */,
			);
			currentVersion = 65D1185423F1F3B900D0353C /* NYTimes_Viewer.xcdatamodel */;
			path = NYTimes_Viewer.xcdatamodeld;
			sourceTree = "<group>";
			versionGroupType = wrapper.xcdatamodel;
		};
/* End XCVersionGroup section */
	};
	rootObject = 65D1184423F1F3B900D0353C /* Project object */;
}
